// !$*UTF8*$!
{
	archiveVersion = 1;
	classes = {
	};
	objectVersion = 46;
	objects = {

/* Begin PBXBuildFile section */
		651E8D14185BE5A900E4476B /* resume_co.png in Resources */ = {isa = PBXBuildFile; fileRef = 651E8D0F185BE5A900E4476B /* resume_co.png */; };
		651E8D15185BE5A900E4476B /* stepinto_co.png in Resources */ = {isa = PBXBuildFile; fileRef = 651E8D10185BE5A900E4476B /* stepinto_co.png */; };
		651E8D16185BE5A900E4476B /* stepover_co.png in Resources */ = {isa = PBXBuildFile; fileRef = 651E8D11185BE5A900E4476B /* stepover_co.png */; };
		651E8D17185BE5A900E4476B /* stepreturn_co.png in Resources */ = {isa = PBXBuildFile; fileRef = 651E8D12185BE5A900E4476B /* stepreturn_co.png */; };
		651E8D18185BE5A900E4476B /* suspend_co.png in Resources */ = {isa = PBXBuildFile; fileRef = 651E8D13185BE5A900E4476B /* suspend_co.png */; };
		651E8D1A185BEEE600E4476B /* Untitled-1.png in Resources */ = {isa = PBXBuildFile; fileRef = 651E8D19185BEEE600E4476B /* Untitled-1.png */; };
		651E8D1C185BF27E00E4476B /* Untitled-2.png in Resources */ = {isa = PBXBuildFile; fileRef = 651E8D1B185BF27E00E4476B /* Untitled-2.png */; };
		651E8D1F185BF6EB00E4476B /* Untitled-3.png in Resources */ = {isa = PBXBuildFile; fileRef = 651E8D1D185BF6EB00E4476B /* Untitled-3.png */; };
		651E8D20185BF6EB00E4476B /* Untitled-4.png in Resources */ = {isa = PBXBuildFile; fileRef = 651E8D1E185BF6EB00E4476B /* Untitled-4.png */; };
		651E8D261864A55700E4476B /* LXLuaCallStackIndex.m in Sources */ = {isa = PBXBuildFile; fileRef = 651E8D251864A55700E4476B /* LXLuaCallStackIndex.m */; };
		651E8D291864A57700E4476B /* LXLuaVariable.m in Sources */ = {isa = PBXBuildFile; fileRef = 651E8D281864A57700E4476B /* LXLuaVariable.m */; };
		651E8D2C1864B60300E4476B /* LXLuaVariableCell.m in Sources */ = {isa = PBXBuildFile; fileRef = 651E8D2B1864B60300E4476B /* LXLuaVariableCell.m */; };
		65274AA616BF1BBE005A26E1 /* Luax.app in CopyFiles */ = {isa = PBXBuildFile; fileRef = 65A8157716629CCC0050D80A /* Luax.app */; };
		652C75D21876531000943AF7 /* locals_button_background.png in Resources */ = {isa = PBXBuildFile; fileRef = 652C75D11876531000943AF7 /* locals_button_background.png */; };
		652E835518568B1900342128 /* AutoCompleteDefinitions.json in Resources */ = {isa = PBXBuildFile; fileRef = 652E835418568B1900342128 /* AutoCompleteDefinitions.json */; };
		654D74D818371DF800E37009 /* InfoPlist.strings in Resources */ = {isa = PBXBuildFile; fileRef = 654D74D618371DF800E37009 /* InfoPlist.strings */; };
		654D750518371E6B00E37009 /* main.m in Sources */ = {isa = PBXBuildFile; fileRef = 654D74E918371E6B00E37009 /* main.m */; };
		654D750818371E6B00E37009 /* LXClass.m in Sources */ = {isa = PBXBuildFile; fileRef = 654D74EF18371E6B00E37009 /* LXClass.m */; };
		654D750918371E6B00E37009 /* LXCompiler.m in Sources */ = {isa = PBXBuildFile; fileRef = 654D74F118371E6B00E37009 /* LXCompiler.m */; };
		654D750B18371E6B00E37009 /* LXNode.m in Sources */ = {isa = PBXBuildFile; fileRef = 654D74F518371E6B00E37009 /* LXNode.m */; };
		654D750E18371E6B00E37009 /* LXToken.m in Sources */ = {isa = PBXBuildFile; fileRef = 654D74FB18371E6B00E37009 /* LXToken.m */; };
		654D750F18371E6B00E37009 /* LXVariable.m in Sources */ = {isa = PBXBuildFile; fileRef = 654D74FD18371E6B00E37009 /* LXVariable.m */; };
		654D75141837248100E37009 /* Main.lux in Resources */ = {isa = PBXBuildFile; fileRef = 654D75131837248100E37009 /* Main.lux */; };
		654D75201837FC8D00E37009 /* Foundation.framework in Frameworks */ = {isa = PBXBuildFile; fileRef = 654D751F1837FC8D00E37009 /* Foundation.framework */; };
		654D752B1837FD0300E37009 /* LXToken.m in Sources */ = {isa = PBXBuildFile; fileRef = 654D74FB18371E6B00E37009 /* LXToken.m */; };
		654D752C1837FD0300E37009 /* LXClass.m in Sources */ = {isa = PBXBuildFile; fileRef = 654D74EF18371E6B00E37009 /* LXClass.m */; };
		654D752D1837FD0300E37009 /* LXVariable.m in Sources */ = {isa = PBXBuildFile; fileRef = 654D74FD18371E6B00E37009 /* LXVariable.m */; };
		654D752E1837FD0300E37009 /* LXNode.m in Sources */ = {isa = PBXBuildFile; fileRef = 654D74F518371E6B00E37009 /* LXNode.m */; };
		654D752F1837FD0300E37009 /* LXCompiler.m in Sources */ = {isa = PBXBuildFile; fileRef = 654D74F118371E6B00E37009 /* LXCompiler.m */; };
		654D75321837FD4600E37009 /* luaxc.m in Sources */ = {isa = PBXBuildFile; fileRef = 654D75311837FD4600E37009 /* luaxc.m */; };
		654D75331837FE8400E37009 /* Luaxc in CopyFiles */ = {isa = PBXBuildFile; fileRef = 654D751E1837FC8D00E37009 /* Luaxc */; };
		654D75361838018700E37009 /* LXParser.m in Sources */ = {isa = PBXBuildFile; fileRef = 654D75351838018700E37009 /* LXParser.m */; };
		654D75371838018700E37009 /* LXParser.m in Sources */ = {isa = PBXBuildFile; fileRef = 654D75351838018700E37009 /* LXParser.m */; };
		6567B76918904D5E0053E2C2 /* show.png in Resources */ = {isa = PBXBuildFile; fileRef = 6567B76818904D5E0053E2C2 /* show.png */; };
		656AD274183ADBEA00E691D6 /* LXAppDelegate.m in Sources */ = {isa = PBXBuildFile; fileRef = 656AD273183ADBEA00E691D6 /* LXAppDelegate.m */; };
		656AD27A183ADD0200E691D6 /* MainMenu.xib in Resources */ = {isa = PBXBuildFile; fileRef = 656AD279183ADD0200E691D6 /* MainMenu.xib */; };
		656AD285183ADF0D00E691D6 /* LXTextView.m in Sources */ = {isa = PBXBuildFile; fileRef = 656AD284183ADF0D00E691D6 /* LXTextView.m */; };
		656AD290183FF9A400E691D6 /* NSNumber+Base64VLQ.m in Sources */ = {isa = PBXBuildFile; fileRef = 656AD28F183FF9A400E691D6 /* NSNumber+Base64VLQ.m */; };
		656AD291183FF9A400E691D6 /* NSNumber+Base64VLQ.m in Sources */ = {isa = PBXBuildFile; fileRef = 656AD28F183FF9A400E691D6 /* NSNumber+Base64VLQ.m */; };
		656AD29918426CFC00E691D6 /* LXClient.m in Sources */ = {isa = PBXBuildFile; fileRef = 656AD29418426CFC00E691D6 /* LXClient.m */; };
		656AD29A18426CFC00E691D6 /* LXPacket.m in Sources */ = {isa = PBXBuildFile; fileRef = 656AD29618426CFC00E691D6 /* LXPacket.m */; };
		656AD29B18426CFC00E691D6 /* LXServer.m in Sources */ = {isa = PBXBuildFile; fileRef = 656AD29818426CFC00E691D6 /* LXServer.m */; };
		656AD29E18426F9B00E691D6 /* NSString+JSON.m in Sources */ = {isa = PBXBuildFile; fileRef = 656AD29D18426F9B00E691D6 /* NSString+JSON.m */; };
		656AD2A21842741200E691D6 /* LXProjectWindowController.m in Sources */ = {isa = PBXBuildFile; fileRef = 656AD2A01842741200E691D6 /* LXProjectWindowController.m */; };
		656AD2A31842741200E691D6 /* LXProjectWindowController.xib in Resources */ = {isa = PBXBuildFile; fileRef = 656AD2A11842741200E691D6 /* LXProjectWindowController.xib */; };
		656AD2A818429D9500E691D6 /* LXProject.m in Sources */ = {isa = PBXBuildFile; fileRef = 656AD2A718429D9500E691D6 /* LXProject.m */; };
		656AD2AB1842B42700E691D6 /* LXDocumentController.m in Sources */ = {isa = PBXBuildFile; fileRef = 656AD2AA1842B42700E691D6 /* LXDocumentController.m */; };
		656AD2AD1842C26C00E691D6 /* LXProjectAccessoryView.xib in Resources */ = {isa = PBXBuildFile; fileRef = 656AD2AC1842C26C00E691D6 /* LXProjectAccessoryView.xib */; };
		6570AE111867B2050084BD25 /* hide.png in Resources */ = {isa = PBXBuildFile; fileRef = 6570AE101867B2050084BD25 /* hide.png */; };
		659DE1B91844C65700627535 /* LXTextFieldCell.m in Sources */ = {isa = PBXBuildFile; fileRef = 659DE1B81844C65700627535 /* LXTextFieldCell.m */; };
		659DE1BB184BE2ED00627535 /* scripticon.png in Resources */ = {isa = PBXBuildFile; fileRef = 659DE1BA184BE2ED00627535 /* scripticon.png */; };
		659DE1BD184BF06F00627535 /* foldericon.png in Resources */ = {isa = PBXBuildFile; fileRef = 659DE1BC184BF06F00627535 /* foldericon.png */; };
		659E09B5189F2D43003100C4 /* LXCompiler+Expression.m in Sources */ = {isa = PBXBuildFile; fileRef = 659E09B4189F2D43003100C4 /* LXCompiler+Expression.m */; };
		659E09B6189F2D43003100C4 /* LXCompiler+Expression.m in Sources */ = {isa = PBXBuildFile; fileRef = 659E09B4189F2D43003100C4 /* LXCompiler+Expression.m */; };
		659E09B9189F307C003100C4 /* LXCompiler+Token.m in Sources */ = {isa = PBXBuildFile; fileRef = 659E09B8189F307C003100C4 /* LXCompiler+Token.m */; };
		659E09BA189F307C003100C4 /* LXCompiler+Token.m in Sources */ = {isa = PBXBuildFile; fileRef = 659E09B8189F307C003100C4 /* LXCompiler+Token.m */; };
		65A8157C16629CCC0050D80A /* Cocoa.framework in Frameworks */ = {isa = PBXBuildFile; fileRef = 65A8157B16629CCC0050D80A /* Cocoa.framework */; };
		65E68B4C186DC8B200E72E3C /* LXConsoleTextView.m in Sources */ = {isa = PBXBuildFile; fileRef = 65E68B4B186DC8B200E72E3C /* LXConsoleTextView.m */; };
		65F35F6516BEE70C007692D2 /* QuartzCore.framework in Frameworks */ = {isa = PBXBuildFile; fileRef = 65F35F6416BEE70C007692D2 /* QuartzCore.framework */; };
		79B95E5F184E5B93005486F3 /* checkicon.png in Resources */ = {isa = PBXBuildFile; fileRef = 79B95E5C184E5B93005486F3 /* checkicon.png */; };
		79B95E60184E5B93005486F3 /* erroricon.png in Resources */ = {isa = PBXBuildFile; fileRef = 79B95E5D184E5B93005486F3 /* erroricon.png */; };
		79B95E61184E5B93005486F3 /* warningicon.png in Resources */ = {isa = PBXBuildFile; fileRef = 79B95E5E184E5B93005486F3 /* warningicon.png */; };
		79B95E7D18512214005486F3 /* NSView+BackgroundColor.m in Sources */ = {isa = PBXBuildFile; fileRef = 79B95E7C18512214005486F3 /* NSView+BackgroundColor.m */; };
		79B95EC418512D1E005486F3 /* lapi.c in Sources */ = {isa = PBXBuildFile; fileRef = 79B95E8918512D1E005486F3 /* lapi.c */; };
		79B95EC518512D1E005486F3 /* lapi.h in Headers */ = {isa = PBXBuildFile; fileRef = 79B95E8A18512D1E005486F3 /* lapi.h */; };
		79B95EC618512D1E005486F3 /* lauxlib.c in Sources */ = {isa = PBXBuildFile; fileRef = 79B95E8B18512D1E005486F3 /* lauxlib.c */; };
		79B95EC718512D1E005486F3 /* lauxlib.h in Headers */ = {isa = PBXBuildFile; fileRef = 79B95E8C18512D1E005486F3 /* lauxlib.h */; };
		79B95EC818512D1E005486F3 /* lbaselib.c in Sources */ = {isa = PBXBuildFile; fileRef = 79B95E8D18512D1E005486F3 /* lbaselib.c */; };
		79B95EC918512D1E005486F3 /* lbitlib.c in Sources */ = {isa = PBXBuildFile; fileRef = 79B95E8E18512D1E005486F3 /* lbitlib.c */; };
		79B95ECA18512D1E005486F3 /* lcode.c in Sources */ = {isa = PBXBuildFile; fileRef = 79B95E8F18512D1E005486F3 /* lcode.c */; };
		79B95ECB18512D1E005486F3 /* lcode.h in Headers */ = {isa = PBXBuildFile; fileRef = 79B95E9018512D1E005486F3 /* lcode.h */; };
		79B95ECC18512D1E005486F3 /* lcorolib.c in Sources */ = {isa = PBXBuildFile; fileRef = 79B95E9118512D1E005486F3 /* lcorolib.c */; };
		79B95ECD18512D1E005486F3 /* lctype.c in Sources */ = {isa = PBXBuildFile; fileRef = 79B95E9218512D1E005486F3 /* lctype.c */; };
		79B95ECE18512D1E005486F3 /* lctype.h in Headers */ = {isa = PBXBuildFile; fileRef = 79B95E9318512D1E005486F3 /* lctype.h */; };
		79B95ECF18512D1E005486F3 /* ldblib.c in Sources */ = {isa = PBXBuildFile; fileRef = 79B95E9418512D1E005486F3 /* ldblib.c */; };
		79B95ED018512D1E005486F3 /* ldebug.c in Sources */ = {isa = PBXBuildFile; fileRef = 79B95E9518512D1E005486F3 /* ldebug.c */; };
		79B95ED118512D1E005486F3 /* ldebug.h in Headers */ = {isa = PBXBuildFile; fileRef = 79B95E9618512D1E005486F3 /* ldebug.h */; };
		79B95ED218512D1E005486F3 /* ldo.c in Sources */ = {isa = PBXBuildFile; fileRef = 79B95E9718512D1E005486F3 /* ldo.c */; };
		79B95ED318512D1E005486F3 /* ldo.h in Headers */ = {isa = PBXBuildFile; fileRef = 79B95E9818512D1E005486F3 /* ldo.h */; };
		79B95ED418512D1E005486F3 /* ldump.c in Sources */ = {isa = PBXBuildFile; fileRef = 79B95E9918512D1E005486F3 /* ldump.c */; };
		79B95ED518512D1E005486F3 /* lfunc.c in Sources */ = {isa = PBXBuildFile; fileRef = 79B95E9A18512D1E005486F3 /* lfunc.c */; };
		79B95ED618512D1E005486F3 /* lfunc.h in Headers */ = {isa = PBXBuildFile; fileRef = 79B95E9B18512D1E005486F3 /* lfunc.h */; };
		79B95ED718512D1E005486F3 /* lgc.c in Sources */ = {isa = PBXBuildFile; fileRef = 79B95E9C18512D1E005486F3 /* lgc.c */; };
		79B95ED818512D1E005486F3 /* lgc.h in Headers */ = {isa = PBXBuildFile; fileRef = 79B95E9D18512D1E005486F3 /* lgc.h */; };
		79B95ED918512D1E005486F3 /* linit.c in Sources */ = {isa = PBXBuildFile; fileRef = 79B95E9E18512D1E005486F3 /* linit.c */; };
		79B95EDA18512D1E005486F3 /* liolib.c in Sources */ = {isa = PBXBuildFile; fileRef = 79B95E9F18512D1E005486F3 /* liolib.c */; };
		79B95EDB18512D1E005486F3 /* llex.c in Sources */ = {isa = PBXBuildFile; fileRef = 79B95EA018512D1E005486F3 /* llex.c */; };
		79B95EDC18512D1E005486F3 /* llex.h in Headers */ = {isa = PBXBuildFile; fileRef = 79B95EA118512D1E005486F3 /* llex.h */; };
		79B95EDD18512D1E005486F3 /* llimits.h in Headers */ = {isa = PBXBuildFile; fileRef = 79B95EA218512D1E005486F3 /* llimits.h */; };
		79B95EDE18512D1E005486F3 /* lmathlib.c in Sources */ = {isa = PBXBuildFile; fileRef = 79B95EA318512D1E005486F3 /* lmathlib.c */; };
		79B95EDF18512D1E005486F3 /* lmem.c in Sources */ = {isa = PBXBuildFile; fileRef = 79B95EA418512D1E005486F3 /* lmem.c */; };
		79B95EE018512D1E005486F3 /* lmem.h in Headers */ = {isa = PBXBuildFile; fileRef = 79B95EA518512D1E005486F3 /* lmem.h */; };
		79B95EE118512D1E005486F3 /* loadlib.c in Sources */ = {isa = PBXBuildFile; fileRef = 79B95EA618512D1E005486F3 /* loadlib.c */; };
		79B95EE218512D1E005486F3 /* lobject.c in Sources */ = {isa = PBXBuildFile; fileRef = 79B95EA718512D1E005486F3 /* lobject.c */; };
		79B95EE318512D1E005486F3 /* lobject.h in Headers */ = {isa = PBXBuildFile; fileRef = 79B95EA818512D1E005486F3 /* lobject.h */; };
		79B95EE418512D1E005486F3 /* lopcodes.c in Sources */ = {isa = PBXBuildFile; fileRef = 79B95EA918512D1E005486F3 /* lopcodes.c */; };
		79B95EE518512D1E005486F3 /* lopcodes.h in Headers */ = {isa = PBXBuildFile; fileRef = 79B95EAA18512D1E005486F3 /* lopcodes.h */; };
		79B95EE618512D1E005486F3 /* loslib.c in Sources */ = {isa = PBXBuildFile; fileRef = 79B95EAB18512D1E005486F3 /* loslib.c */; };
		79B95EE718512D1E005486F3 /* lparser.c in Sources */ = {isa = PBXBuildFile; fileRef = 79B95EAC18512D1E005486F3 /* lparser.c */; };
		79B95EE818512D1E005486F3 /* lparser.h in Headers */ = {isa = PBXBuildFile; fileRef = 79B95EAD18512D1E005486F3 /* lparser.h */; };
		79B95EE918512D1E005486F3 /* lstate.c in Sources */ = {isa = PBXBuildFile; fileRef = 79B95EAE18512D1E005486F3 /* lstate.c */; };
		79B95EEA18512D1E005486F3 /* lstate.h in Headers */ = {isa = PBXBuildFile; fileRef = 79B95EAF18512D1E005486F3 /* lstate.h */; };
		79B95EEB18512D1E005486F3 /* lstring.c in Sources */ = {isa = PBXBuildFile; fileRef = 79B95EB018512D1E005486F3 /* lstring.c */; };
		79B95EEC18512D1E005486F3 /* lstring.h in Headers */ = {isa = PBXBuildFile; fileRef = 79B95EB118512D1E005486F3 /* lstring.h */; };
		79B95EED18512D1E005486F3 /* lstrlib.c in Sources */ = {isa = PBXBuildFile; fileRef = 79B95EB218512D1E005486F3 /* lstrlib.c */; };
		79B95EEE18512D1E005486F3 /* ltable.c in Sources */ = {isa = PBXBuildFile; fileRef = 79B95EB318512D1E005486F3 /* ltable.c */; };
		79B95EEF18512D1E005486F3 /* ltable.h in Headers */ = {isa = PBXBuildFile; fileRef = 79B95EB418512D1E005486F3 /* ltable.h */; };
		79B95EF018512D1E005486F3 /* ltablib.c in Sources */ = {isa = PBXBuildFile; fileRef = 79B95EB518512D1E005486F3 /* ltablib.c */; };
		79B95EF118512D1E005486F3 /* ltm.c in Sources */ = {isa = PBXBuildFile; fileRef = 79B95EB618512D1E005486F3 /* ltm.c */; };
		79B95EF218512D1E005486F3 /* ltm.h in Headers */ = {isa = PBXBuildFile; fileRef = 79B95EB718512D1E005486F3 /* ltm.h */; };
		79B95EF318512D1E005486F3 /* lua.c in Sources */ = {isa = PBXBuildFile; fileRef = 79B95EB818512D1E005486F3 /* lua.c */; };
		79B95EF418512D1E005486F3 /* lua.h in Headers */ = {isa = PBXBuildFile; fileRef = 79B95EB918512D1E005486F3 /* lua.h */; };
		79B95EF518512D1E005486F3 /* lua.hpp in Headers */ = {isa = PBXBuildFile; fileRef = 79B95EBA18512D1E005486F3 /* lua.hpp */; };
		79B95EF618512D1E005486F3 /* luac.c in Sources */ = {isa = PBXBuildFile; fileRef = 79B95EBB18512D1E005486F3 /* luac.c */; };
		79B95EF718512D1E005486F3 /* luaconf.h in Headers */ = {isa = PBXBuildFile; fileRef = 79B95EBC18512D1E005486F3 /* luaconf.h */; };
		79B95EF818512D1E005486F3 /* lualib.h in Headers */ = {isa = PBXBuildFile; fileRef = 79B95EBD18512D1E005486F3 /* lualib.h */; };
		79B95EF918512D1E005486F3 /* lundump.c in Sources */ = {isa = PBXBuildFile; fileRef = 79B95EBE18512D1E005486F3 /* lundump.c */; };
		79B95EFA18512D1E005486F3 /* lundump.h in Headers */ = {isa = PBXBuildFile; fileRef = 79B95EBF18512D1E005486F3 /* lundump.h */; };
		79B95EFB18512D1E005486F3 /* lvm.c in Sources */ = {isa = PBXBuildFile; fileRef = 79B95EC018512D1E005486F3 /* lvm.c */; };
		79B95EFC18512D1E005486F3 /* lvm.h in Headers */ = {isa = PBXBuildFile; fileRef = 79B95EC118512D1E005486F3 /* lvm.h */; };
		79B95EFD18512D1E005486F3 /* lzio.c in Sources */ = {isa = PBXBuildFile; fileRef = 79B95EC218512D1E005486F3 /* lzio.c */; };
		79B95EFE18512D1E005486F3 /* lzio.h in Headers */ = {isa = PBXBuildFile; fileRef = 79B95EC318512D1E005486F3 /* lzio.h */; };
		79B95F0118512D36005486F3 /* libLua.a in Frameworks */ = {isa = PBXBuildFile; fileRef = 79B95E8418512CEF005486F3 /* libLua.a */; };
		79C7A08C183BFFC500AB0A7C /* LXProjectFileView.m in Sources */ = {isa = PBXBuildFile; fileRef = 79C7A08B183BFFC500AB0A7C /* LXProjectFileView.m */; };
/* End PBXBuildFile section */

/* Begin PBXContainerItemProxy section */
		79B95EFF18512D2C005486F3 /* PBXContainerItemProxy */ = {
			isa = PBXContainerItemProxy;
			containerPortal = 65A8156E16629CCC0050D80A /* Project object */;
			proxyType = 1;
			remoteGlobalIDString = 79B95E8318512CEF005486F3;
			remoteInfo = Lua;
		};
/* End PBXContainerItemProxy section */

/* Begin PBXCopyFilesBuildPhase section */
		65274AA516BF1BA7005A26E1 /* CopyFiles */ = {
			isa = PBXCopyFilesBuildPhase;
			buildActionMask = 2147483647;
			dstPath = /Applications/;
			dstSubfolderSpec = 0;
			files = (
				65274AA616BF1BBE005A26E1 /* Luax.app in CopyFiles */,
			);
			runOnlyForDeploymentPostprocessing = 0;
		};
		654D751C1837FC8D00E37009 /* CopyFiles */ = {
			isa = PBXCopyFilesBuildPhase;
			buildActionMask = 12;
			dstPath = "$(SRCROOT)/bin";
			dstSubfolderSpec = 0;
			files = (
				654D75331837FE8400E37009 /* Luaxc in CopyFiles */,
			);
			runOnlyForDeploymentPostprocessing = 0;
		};
/* End PBXCopyFilesBuildPhase section */

/* Begin PBXFileReference section */
		651E8D0F185BE5A900E4476B /* resume_co.png */ = {isa = PBXFileReference; lastKnownFileType = image.png; path = resume_co.png; sourceTree = "<group>"; };
		651E8D10185BE5A900E4476B /* stepinto_co.png */ = {isa = PBXFileReference; lastKnownFileType = image.png; path = stepinto_co.png; sourceTree = "<group>"; };
		651E8D11185BE5A900E4476B /* stepover_co.png */ = {isa = PBXFileReference; lastKnownFileType = image.png; path = stepover_co.png; sourceTree = "<group>"; };
		651E8D12185BE5A900E4476B /* stepreturn_co.png */ = {isa = PBXFileReference; lastKnownFileType = image.png; path = stepreturn_co.png; sourceTree = "<group>"; };
		651E8D13185BE5A900E4476B /* suspend_co.png */ = {isa = PBXFileReference; lastKnownFileType = image.png; path = suspend_co.png; sourceTree = "<group>"; };
		651E8D19185BEEE600E4476B /* Untitled-1.png */ = {isa = PBXFileReference; lastKnownFileType = image.png; path = "Untitled-1.png"; sourceTree = "<group>"; };
		651E8D1B185BF27E00E4476B /* Untitled-2.png */ = {isa = PBXFileReference; lastKnownFileType = image.png; path = "Untitled-2.png"; sourceTree = "<group>"; };
		651E8D1D185BF6EB00E4476B /* Untitled-3.png */ = {isa = PBXFileReference; lastKnownFileType = image.png; path = "Untitled-3.png"; sourceTree = "<group>"; };
		651E8D1E185BF6EB00E4476B /* Untitled-4.png */ = {isa = PBXFileReference; lastKnownFileType = image.png; path = "Untitled-4.png"; sourceTree = "<group>"; };
		651E8D241864A55700E4476B /* LXLuaCallStackIndex.h */ = {isa = PBXFileReference; fileEncoding = 4; lastKnownFileType = sourcecode.c.h; name = LXLuaCallStackIndex.h; path = Source/IDE/LXLuaCallStackIndex.h; sourceTree = SOURCE_ROOT; };
		651E8D251864A55700E4476B /* LXLuaCallStackIndex.m */ = {isa = PBXFileReference; fileEncoding = 4; lastKnownFileType = sourcecode.c.objc; name = LXLuaCallStackIndex.m; path = Source/IDE/LXLuaCallStackIndex.m; sourceTree = SOURCE_ROOT; };
		651E8D271864A57700E4476B /* LXLuaVariable.h */ = {isa = PBXFileReference; fileEncoding = 4; lastKnownFileType = sourcecode.c.h; name = LXLuaVariable.h; path = Source/IDE/LXLuaVariable.h; sourceTree = SOURCE_ROOT; };
		651E8D281864A57700E4476B /* LXLuaVariable.m */ = {isa = PBXFileReference; fileEncoding = 4; lastKnownFileType = sourcecode.c.objc; name = LXLuaVariable.m; path = Source/IDE/LXLuaVariable.m; sourceTree = SOURCE_ROOT; };
		651E8D2A1864B60300E4476B /* LXLuaVariableCell.h */ = {isa = PBXFileReference; fileEncoding = 4; lastKnownFileType = sourcecode.c.h; name = LXLuaVariableCell.h; path = Source/IDE/LXLuaVariableCell.h; sourceTree = SOURCE_ROOT; };
		651E8D2B1864B60300E4476B /* LXLuaVariableCell.m */ = {isa = PBXFileReference; fileEncoding = 4; lastKnownFileType = sourcecode.c.objc; name = LXLuaVariableCell.m; path = Source/IDE/LXLuaVariableCell.m; sourceTree = SOURCE_ROOT; };
		652C75D11876531000943AF7 /* locals_button_background.png */ = {isa = PBXFileReference; lastKnownFileType = image.png; path = locals_button_background.png; sourceTree = "<group>"; };
		652E835418568B1900342128 /* AutoCompleteDefinitions.json */ = {isa = PBXFileReference; fileEncoding = 4; lastKnownFileType = text.json; path = AutoCompleteDefinitions.json; sourceTree = "<group>"; };
		654D74D318371DEC00E37009 /* Luax-Info.plist */ = {isa = PBXFileReference; fileEncoding = 4; lastKnownFileType = text.plist.xml; name = "Luax-Info.plist"; path = "Source/Luax-Info.plist"; sourceTree = SOURCE_ROOT; };
		654D74D418371DEC00E37009 /* Luax-Prefix.pch */ = {isa = PBXFileReference; fileEncoding = 4; lastKnownFileType = sourcecode.c.h; name = "Luax-Prefix.pch"; path = "Source/Luax-Prefix.pch"; sourceTree = SOURCE_ROOT; };
		654D74D718371DF800E37009 /* en */ = {isa = PBXFileReference; lastKnownFileType = text.plist.strings; name = en; path = Source/en.lproj/InfoPlist.strings; sourceTree = SOURCE_ROOT; };
		654D74E918371E6B00E37009 /* main.m */ = {isa = PBXFileReference; fileEncoding = 4; lastKnownFileType = sourcecode.c.objc; name = main.m; path = Source/main.m; sourceTree = SOURCE_ROOT; };
		654D74EE18371E6B00E37009 /* LXClass.h */ = {isa = PBXFileReference; fileEncoding = 4; lastKnownFileType = sourcecode.c.h; name = LXClass.h; path = Source/LXClass.h; sourceTree = SOURCE_ROOT; };
		654D74EF18371E6B00E37009 /* LXClass.m */ = {isa = PBXFileReference; fileEncoding = 4; lastKnownFileType = sourcecode.c.objc; name = LXClass.m; path = Source/LXClass.m; sourceTree = SOURCE_ROOT; };
		654D74F018371E6B00E37009 /* LXCompiler.h */ = {isa = PBXFileReference; fileEncoding = 4; lastKnownFileType = sourcecode.c.h; name = LXCompiler.h; path = Source/LXCompiler.h; sourceTree = SOURCE_ROOT; };
		654D74F118371E6B00E37009 /* LXCompiler.m */ = {isa = PBXFileReference; fileEncoding = 4; lastKnownFileType = sourcecode.c.objc; name = LXCompiler.m; path = Source/LXCompiler.m; sourceTree = SOURCE_ROOT; };
		654D74F418371E6B00E37009 /* LXNode.h */ = {isa = PBXFileReference; fileEncoding = 4; lastKnownFileType = sourcecode.c.h; name = LXNode.h; path = Source/LXNode.h; sourceTree = SOURCE_ROOT; };
		654D74F518371E6B00E37009 /* LXNode.m */ = {isa = PBXFileReference; fileEncoding = 4; lastKnownFileType = sourcecode.c.objc; name = LXNode.m; path = Source/LXNode.m; sourceTree = SOURCE_ROOT; };
		654D74FA18371E6B00E37009 /* LXToken.h */ = {isa = PBXFileReference; fileEncoding = 4; lastKnownFileType = sourcecode.c.h; name = LXToken.h; path = Source/LXToken.h; sourceTree = SOURCE_ROOT; };
		654D74FB18371E6B00E37009 /* LXToken.m */ = {isa = PBXFileReference; fileEncoding = 4; lastKnownFileType = sourcecode.c.objc; name = LXToken.m; path = Source/LXToken.m; sourceTree = SOURCE_ROOT; };
		654D74FC18371E6B00E37009 /* LXVariable.h */ = {isa = PBXFileReference; fileEncoding = 4; lastKnownFileType = sourcecode.c.h; name = LXVariable.h; path = Source/LXVariable.h; sourceTree = SOURCE_ROOT; };
		654D74FD18371E6B00E37009 /* LXVariable.m */ = {isa = PBXFileReference; fileEncoding = 4; lastKnownFileType = sourcecode.c.objc; name = LXVariable.m; path = Source/LXVariable.m; sourceTree = SOURCE_ROOT; };
		654D75131837248100E37009 /* Main.lux */ = {isa = PBXFileReference; fileEncoding = 4; lastKnownFileType = text; path = Main.lux; sourceTree = "<group>"; };
		654D751E1837FC8D00E37009 /* Luaxc */ = {isa = PBXFileReference; explicitFileType = "compiled.mach-o.executable"; includeInIndex = 0; path = Luaxc; sourceTree = BUILT_PRODUCTS_DIR; };
		654D751F1837FC8D00E37009 /* Foundation.framework */ = {isa = PBXFileReference; lastKnownFileType = wrapper.framework; name = Foundation.framework; path = System/Library/Frameworks/Foundation.framework; sourceTree = SDKROOT; };
		654D75311837FD4600E37009 /* luaxc.m */ = {isa = PBXFileReference; fileEncoding = 4; lastKnownFileType = sourcecode.c.objc; name = luaxc.m; path = Source/luaxc.m; sourceTree = SOURCE_ROOT; };
		654D75341838018700E37009 /* LXParser.h */ = {isa = PBXFileReference; fileEncoding = 4; lastKnownFileType = sourcecode.c.h; name = LXParser.h; path = Source/LXParser.h; sourceTree = SOURCE_ROOT; };
		654D75351838018700E37009 /* LXParser.m */ = {isa = PBXFileReference; fileEncoding = 4; lastKnownFileType = sourcecode.c.objc; name = LXParser.m; path = Source/LXParser.m; sourceTree = SOURCE_ROOT; };
		6567B76818904D5E0053E2C2 /* show.png */ = {isa = PBXFileReference; lastKnownFileType = image.png; path = show.png; sourceTree = "<group>"; };
		656AD272183ADBEA00E691D6 /* LXAppDelegate.h */ = {isa = PBXFileReference; fileEncoding = 4; lastKnownFileType = sourcecode.c.h; name = LXAppDelegate.h; path = Source/IDE/LXAppDelegate.h; sourceTree = SOURCE_ROOT; };
		656AD273183ADBEA00E691D6 /* LXAppDelegate.m */ = {isa = PBXFileReference; fileEncoding = 4; lastKnownFileType = sourcecode.c.objc; name = LXAppDelegate.m; path = Source/IDE/LXAppDelegate.m; sourceTree = SOURCE_ROOT; };
		656AD279183ADD0200E691D6 /* MainMenu.xib */ = {isa = PBXFileReference; fileEncoding = 4; lastKnownFileType = file.xib; name = MainMenu.xib; path = Source/IDE/MainMenu.xib; sourceTree = SOURCE_ROOT; };
		656AD283183ADF0D00E691D6 /* LXTextView.h */ = {isa = PBXFileReference; fileEncoding = 4; lastKnownFileType = sourcecode.c.h; name = LXTextView.h; path = Source/IDE/LXTextView.h; sourceTree = SOURCE_ROOT; };
		656AD284183ADF0D00E691D6 /* LXTextView.m */ = {isa = PBXFileReference; fileEncoding = 4; lastKnownFileType = sourcecode.c.objc; name = LXTextView.m; path = Source/IDE/LXTextView.m; sourceTree = SOURCE_ROOT; };
		656AD28E183FF9A400E691D6 /* NSNumber+Base64VLQ.h */ = {isa = PBXFileReference; fileEncoding = 4; lastKnownFileType = sourcecode.c.h; name = "NSNumber+Base64VLQ.h"; path = "Source/NSNumber+Base64VLQ.h"; sourceTree = SOURCE_ROOT; };
		656AD28F183FF9A400E691D6 /* NSNumber+Base64VLQ.m */ = {isa = PBXFileReference; fileEncoding = 4; lastKnownFileType = sourcecode.c.objc; name = "NSNumber+Base64VLQ.m"; path = "Source/NSNumber+Base64VLQ.m"; sourceTree = SOURCE_ROOT; };
		656AD29318426CFB00E691D6 /* LXClient.h */ = {isa = PBXFileReference; fileEncoding = 4; lastKnownFileType = sourcecode.c.h; name = LXClient.h; path = Source/IDE/LXClient.h; sourceTree = SOURCE_ROOT; };
		656AD29418426CFC00E691D6 /* LXClient.m */ = {isa = PBXFileReference; fileEncoding = 4; lastKnownFileType = sourcecode.c.objc; name = LXClient.m; path = Source/IDE/LXClient.m; sourceTree = SOURCE_ROOT; };
		656AD29518426CFC00E691D6 /* LXPacket.h */ = {isa = PBXFileReference; fileEncoding = 4; lastKnownFileType = sourcecode.c.h; name = LXPacket.h; path = Source/IDE/LXPacket.h; sourceTree = SOURCE_ROOT; };
		656AD29618426CFC00E691D6 /* LXPacket.m */ = {isa = PBXFileReference; fileEncoding = 4; lastKnownFileType = sourcecode.c.objc; name = LXPacket.m; path = Source/IDE/LXPacket.m; sourceTree = SOURCE_ROOT; };
		656AD29718426CFC00E691D6 /* LXServer.h */ = {isa = PBXFileReference; fileEncoding = 4; lastKnownFileType = sourcecode.c.h; name = LXServer.h; path = Source/IDE/LXServer.h; sourceTree = SOURCE_ROOT; };
		656AD29818426CFC00E691D6 /* LXServer.m */ = {isa = PBXFileReference; fileEncoding = 4; lastKnownFileType = sourcecode.c.objc; name = LXServer.m; path = Source/IDE/LXServer.m; sourceTree = SOURCE_ROOT; };
		656AD29C18426F9B00E691D6 /* NSString+JSON.h */ = {isa = PBXFileReference; fileEncoding = 4; lastKnownFileType = sourcecode.c.h; name = "NSString+JSON.h"; path = "Source/NSString+JSON.h"; sourceTree = SOURCE_ROOT; };
		656AD29D18426F9B00E691D6 /* NSString+JSON.m */ = {isa = PBXFileReference; fileEncoding = 4; lastKnownFileType = sourcecode.c.objc; name = "NSString+JSON.m"; path = "Source/NSString+JSON.m"; sourceTree = SOURCE_ROOT; };
		656AD29F1842741200E691D6 /* LXProjectWindowController.h */ = {isa = PBXFileReference; fileEncoding = 4; lastKnownFileType = sourcecode.c.h; name = LXProjectWindowController.h; path = Source/IDE/LXProjectWindowController.h; sourceTree = SOURCE_ROOT; };
		656AD2A01842741200E691D6 /* LXProjectWindowController.m */ = {isa = PBXFileReference; fileEncoding = 4; lastKnownFileType = sourcecode.c.objc; name = LXProjectWindowController.m; path = Source/IDE/LXProjectWindowController.m; sourceTree = SOURCE_ROOT; };
		656AD2A11842741200E691D6 /* LXProjectWindowController.xib */ = {isa = PBXFileReference; fileEncoding = 4; lastKnownFileType = file.xib; name = LXProjectWindowController.xib; path = Source/IDE/LXProjectWindowController.xib; sourceTree = SOURCE_ROOT; };
		656AD2A618429D9500E691D6 /* LXProject.h */ = {isa = PBXFileReference; fileEncoding = 4; lastKnownFileType = sourcecode.c.h; name = LXProject.h; path = Source/LXProject.h; sourceTree = SOURCE_ROOT; };
		656AD2A718429D9500E691D6 /* LXProject.m */ = {isa = PBXFileReference; fileEncoding = 4; lastKnownFileType = sourcecode.c.objc; name = LXProject.m; path = Source/LXProject.m; sourceTree = SOURCE_ROOT; };
		656AD2A91842B42700E691D6 /* LXDocumentController.h */ = {isa = PBXFileReference; fileEncoding = 4; lastKnownFileType = sourcecode.c.h; name = LXDocumentController.h; path = Source/IDE/LXDocumentController.h; sourceTree = SOURCE_ROOT; };
		656AD2AA1842B42700E691D6 /* LXDocumentController.m */ = {isa = PBXFileReference; fileEncoding = 4; lastKnownFileType = sourcecode.c.objc; name = LXDocumentController.m; path = Source/IDE/LXDocumentController.m; sourceTree = SOURCE_ROOT; };
		656AD2AC1842C26C00E691D6 /* LXProjectAccessoryView.xib */ = {isa = PBXFileReference; fileEncoding = 4; lastKnownFileType = file.xib; name = LXProjectAccessoryView.xib; path = Source/IDE/LXProjectAccessoryView.xib; sourceTree = SOURCE_ROOT; };
		6570AE101867B2050084BD25 /* hide.png */ = {isa = PBXFileReference; lastKnownFileType = image.png; path = hide.png; sourceTree = "<group>"; };
		659DE1B71844C65700627535 /* LXTextFieldCell.h */ = {isa = PBXFileReference; fileEncoding = 4; lastKnownFileType = sourcecode.c.h; name = LXTextFieldCell.h; path = Source/IDE/LXTextFieldCell.h; sourceTree = SOURCE_ROOT; };
		659DE1B81844C65700627535 /* LXTextFieldCell.m */ = {isa = PBXFileReference; fileEncoding = 4; lastKnownFileType = sourcecode.c.objc; name = LXTextFieldCell.m; path = Source/IDE/LXTextFieldCell.m; sourceTree = SOURCE_ROOT; };
		659DE1BA184BE2ED00627535 /* scripticon.png */ = {isa = PBXFileReference; lastKnownFileType = image.png; path = scripticon.png; sourceTree = "<group>"; };
		659DE1BC184BF06F00627535 /* foldericon.png */ = {isa = PBXFileReference; lastKnownFileType = image.png; path = foldericon.png; sourceTree = "<group>"; };
		659E09B3189F2D43003100C4 /* LXCompiler+Expression.h */ = {isa = PBXFileReference; fileEncoding = 4; lastKnownFileType = sourcecode.c.h; name = "LXCompiler+Expression.h"; path = "Source/LXCompiler+Expression.h"; sourceTree = SOURCE_ROOT; };
		659E09B4189F2D43003100C4 /* LXCompiler+Expression.m */ = {isa = PBXFileReference; fileEncoding = 4; lastKnownFileType = sourcecode.c.objc; name = "LXCompiler+Expression.m"; path = "Source/LXCompiler+Expression.m"; sourceTree = SOURCE_ROOT; };
		659E09B7189F307C003100C4 /* LXCompiler+Token.h */ = {isa = PBXFileReference; fileEncoding = 4; lastKnownFileType = sourcecode.c.h; name = "LXCompiler+Token.h"; path = "Source/LXCompiler+Token.h"; sourceTree = SOURCE_ROOT; };
		659E09B8189F307C003100C4 /* LXCompiler+Token.m */ = {isa = PBXFileReference; fileEncoding = 4; lastKnownFileType = sourcecode.c.objc; name = "LXCompiler+Token.m"; path = "Source/LXCompiler+Token.m"; sourceTree = SOURCE_ROOT; };
		65A8157716629CCC0050D80A /* Luax.app */ = {isa = PBXFileReference; explicitFileType = wrapper.application; includeInIndex = 0; path = Luax.app; sourceTree = BUILT_PRODUCTS_DIR; };
		65A8157B16629CCC0050D80A /* Cocoa.framework */ = {isa = PBXFileReference; lastKnownFileType = wrapper.framework; name = Cocoa.framework; path = System/Library/Frameworks/Cocoa.framework; sourceTree = SDKROOT; };
		65A8157E16629CCC0050D80A /* AppKit.framework */ = {isa = PBXFileReference; lastKnownFileType = wrapper.framework; name = AppKit.framework; path = System/Library/Frameworks/AppKit.framework; sourceTree = SDKROOT; };
		65A8157F16629CCC0050D80A /* CoreData.framework */ = {isa = PBXFileReference; lastKnownFileType = wrapper.framework; name = CoreData.framework; path = System/Library/Frameworks/CoreData.framework; sourceTree = SDKROOT; };
		65A8158016629CCC0050D80A /* Foundation.framework */ = {isa = PBXFileReference; lastKnownFileType = wrapper.framework; name = Foundation.framework; path = System/Library/Frameworks/Foundation.framework; sourceTree = SDKROOT; };
		65E68B4A186DC8B100E72E3C /* LXConsoleTextView.h */ = {isa = PBXFileReference; fileEncoding = 4; lastKnownFileType = sourcecode.c.h; name = LXConsoleTextView.h; path = Source/IDE/LXConsoleTextView.h; sourceTree = SOURCE_ROOT; };
		65E68B4B186DC8B200E72E3C /* LXConsoleTextView.m */ = {isa = PBXFileReference; fileEncoding = 4; lastKnownFileType = sourcecode.c.objc; name = LXConsoleTextView.m; path = Source/IDE/LXConsoleTextView.m; sourceTree = SOURCE_ROOT; };
		65F35F6416BEE70C007692D2 /* QuartzCore.framework */ = {isa = PBXFileReference; lastKnownFileType = wrapper.framework; name = QuartzCore.framework; path = System/Library/Frameworks/QuartzCore.framework; sourceTree = SDKROOT; };
		79B95E5C184E5B93005486F3 /* checkicon.png */ = {isa = PBXFileReference; lastKnownFileType = image.png; path = checkicon.png; sourceTree = "<group>"; };
		79B95E5D184E5B93005486F3 /* erroricon.png */ = {isa = PBXFileReference; lastKnownFileType = image.png; path = erroricon.png; sourceTree = "<group>"; };
		79B95E5E184E5B93005486F3 /* warningicon.png */ = {isa = PBXFileReference; lastKnownFileType = image.png; path = warningicon.png; sourceTree = "<group>"; };
		79B95E7B18512214005486F3 /* NSView+BackgroundColor.h */ = {isa = PBXFileReference; fileEncoding = 4; lastKnownFileType = sourcecode.c.h; name = "NSView+BackgroundColor.h"; path = "Source/IDE/NSView+BackgroundColor.h"; sourceTree = SOURCE_ROOT; };
		79B95E7C18512214005486F3 /* NSView+BackgroundColor.m */ = {isa = PBXFileReference; fileEncoding = 4; lastKnownFileType = sourcecode.c.objc; name = "NSView+BackgroundColor.m"; path = "Source/IDE/NSView+BackgroundColor.m"; sourceTree = SOURCE_ROOT; };
		79B95E8418512CEF005486F3 /* libLua.a */ = {isa = PBXFileReference; explicitFileType = archive.ar; includeInIndex = 0; path = libLua.a; sourceTree = BUILT_PRODUCTS_DIR; };
		79B95E8918512D1E005486F3 /* lapi.c */ = {isa = PBXFileReference; fileEncoding = 4; lastKnownFileType = sourcecode.c.c; name = lapi.c; path = Source/lua/lapi.c; sourceTree = "<group>"; };
		79B95E8A18512D1E005486F3 /* lapi.h */ = {isa = PBXFileReference; fileEncoding = 4; lastKnownFileType = sourcecode.c.h; name = lapi.h; path = Source/lua/lapi.h; sourceTree = "<group>"; };
		79B95E8B18512D1E005486F3 /* lauxlib.c */ = {isa = PBXFileReference; fileEncoding = 4; lastKnownFileType = sourcecode.c.c; name = lauxlib.c; path = Source/lua/lauxlib.c; sourceTree = "<group>"; };
		79B95E8C18512D1E005486F3 /* lauxlib.h */ = {isa = PBXFileReference; fileEncoding = 4; lastKnownFileType = sourcecode.c.h; name = lauxlib.h; path = Source/lua/lauxlib.h; sourceTree = "<group>"; };
		79B95E8D18512D1E005486F3 /* lbaselib.c */ = {isa = PBXFileReference; fileEncoding = 4; lastKnownFileType = sourcecode.c.c; name = lbaselib.c; path = Source/lua/lbaselib.c; sourceTree = "<group>"; };
		79B95E8E18512D1E005486F3 /* lbitlib.c */ = {isa = PBXFileReference; fileEncoding = 4; lastKnownFileType = sourcecode.c.c; name = lbitlib.c; path = Source/lua/lbitlib.c; sourceTree = "<group>"; };
		79B95E8F18512D1E005486F3 /* lcode.c */ = {isa = PBXFileReference; fileEncoding = 4; lastKnownFileType = sourcecode.c.c; name = lcode.c; path = Source/lua/lcode.c; sourceTree = "<group>"; };
		79B95E9018512D1E005486F3 /* lcode.h */ = {isa = PBXFileReference; fileEncoding = 4; lastKnownFileType = sourcecode.c.h; name = lcode.h; path = Source/lua/lcode.h; sourceTree = "<group>"; };
		79B95E9118512D1E005486F3 /* lcorolib.c */ = {isa = PBXFileReference; fileEncoding = 4; lastKnownFileType = sourcecode.c.c; name = lcorolib.c; path = Source/lua/lcorolib.c; sourceTree = "<group>"; };
		79B95E9218512D1E005486F3 /* lctype.c */ = {isa = PBXFileReference; fileEncoding = 4; lastKnownFileType = sourcecode.c.c; name = lctype.c; path = Source/lua/lctype.c; sourceTree = "<group>"; };
		79B95E9318512D1E005486F3 /* lctype.h */ = {isa = PBXFileReference; fileEncoding = 4; lastKnownFileType = sourcecode.c.h; name = lctype.h; path = Source/lua/lctype.h; sourceTree = "<group>"; };
		79B95E9418512D1E005486F3 /* ldblib.c */ = {isa = PBXFileReference; fileEncoding = 4; lastKnownFileType = sourcecode.c.c; name = ldblib.c; path = Source/lua/ldblib.c; sourceTree = "<group>"; };
		79B95E9518512D1E005486F3 /* ldebug.c */ = {isa = PBXFileReference; fileEncoding = 4; lastKnownFileType = sourcecode.c.c; name = ldebug.c; path = Source/lua/ldebug.c; sourceTree = "<group>"; };
		79B95E9618512D1E005486F3 /* ldebug.h */ = {isa = PBXFileReference; fileEncoding = 4; lastKnownFileType = sourcecode.c.h; name = ldebug.h; path = Source/lua/ldebug.h; sourceTree = "<group>"; };
		79B95E9718512D1E005486F3 /* ldo.c */ = {isa = PBXFileReference; fileEncoding = 4; lastKnownFileType = sourcecode.c.c; name = ldo.c; path = Source/lua/ldo.c; sourceTree = "<group>"; };
		79B95E9818512D1E005486F3 /* ldo.h */ = {isa = PBXFileReference; fileEncoding = 4; lastKnownFileType = sourcecode.c.h; name = ldo.h; path = Source/lua/ldo.h; sourceTree = "<group>"; };
		79B95E9918512D1E005486F3 /* ldump.c */ = {isa = PBXFileReference; fileEncoding = 4; lastKnownFileType = sourcecode.c.c; name = ldump.c; path = Source/lua/ldump.c; sourceTree = "<group>"; };
		79B95E9A18512D1E005486F3 /* lfunc.c */ = {isa = PBXFileReference; fileEncoding = 4; lastKnownFileType = sourcecode.c.c; name = lfunc.c; path = Source/lua/lfunc.c; sourceTree = "<group>"; };
		79B95E9B18512D1E005486F3 /* lfunc.h */ = {isa = PBXFileReference; fileEncoding = 4; lastKnownFileType = sourcecode.c.h; name = lfunc.h; path = Source/lua/lfunc.h; sourceTree = "<group>"; };
		79B95E9C18512D1E005486F3 /* lgc.c */ = {isa = PBXFileReference; fileEncoding = 4; lastKnownFileType = sourcecode.c.c; name = lgc.c; path = Source/lua/lgc.c; sourceTree = "<group>"; };
		79B95E9D18512D1E005486F3 /* lgc.h */ = {isa = PBXFileReference; fileEncoding = 4; lastKnownFileType = sourcecode.c.h; name = lgc.h; path = Source/lua/lgc.h; sourceTree = "<group>"; };
		79B95E9E18512D1E005486F3 /* linit.c */ = {isa = PBXFileReference; fileEncoding = 4; lastKnownFileType = sourcecode.c.c; name = linit.c; path = Source/lua/linit.c; sourceTree = "<group>"; };
		79B95E9F18512D1E005486F3 /* liolib.c */ = {isa = PBXFileReference; fileEncoding = 4; lastKnownFileType = sourcecode.c.c; name = liolib.c; path = Source/lua/liolib.c; sourceTree = "<group>"; };
		79B95EA018512D1E005486F3 /* llex.c */ = {isa = PBXFileReference; fileEncoding = 4; lastKnownFileType = sourcecode.c.c; name = llex.c; path = Source/lua/llex.c; sourceTree = "<group>"; };
		79B95EA118512D1E005486F3 /* llex.h */ = {isa = PBXFileReference; fileEncoding = 4; lastKnownFileType = sourcecode.c.h; name = llex.h; path = Source/lua/llex.h; sourceTree = "<group>"; };
		79B95EA218512D1E005486F3 /* llimits.h */ = {isa = PBXFileReference; fileEncoding = 4; lastKnownFileType = sourcecode.c.h; name = llimits.h; path = Source/lua/llimits.h; sourceTree = "<group>"; };
		79B95EA318512D1E005486F3 /* lmathlib.c */ = {isa = PBXFileReference; fileEncoding = 4; lastKnownFileType = sourcecode.c.c; name = lmathlib.c; path = Source/lua/lmathlib.c; sourceTree = "<group>"; };
		79B95EA418512D1E005486F3 /* lmem.c */ = {isa = PBXFileReference; fileEncoding = 4; lastKnownFileType = sourcecode.c.c; name = lmem.c; path = Source/lua/lmem.c; sourceTree = "<group>"; };
		79B95EA518512D1E005486F3 /* lmem.h */ = {isa = PBXFileReference; fileEncoding = 4; lastKnownFileType = sourcecode.c.h; name = lmem.h; path = Source/lua/lmem.h; sourceTree = "<group>"; };
		79B95EA618512D1E005486F3 /* loadlib.c */ = {isa = PBXFileReference; fileEncoding = 4; lastKnownFileType = sourcecode.c.c; name = loadlib.c; path = Source/lua/loadlib.c; sourceTree = "<group>"; };
		79B95EA718512D1E005486F3 /* lobject.c */ = {isa = PBXFileReference; fileEncoding = 4; lastKnownFileType = sourcecode.c.c; name = lobject.c; path = Source/lua/lobject.c; sourceTree = "<group>"; };
		79B95EA818512D1E005486F3 /* lobject.h */ = {isa = PBXFileReference; fileEncoding = 4; lastKnownFileType = sourcecode.c.h; name = lobject.h; path = Source/lua/lobject.h; sourceTree = "<group>"; };
		79B95EA918512D1E005486F3 /* lopcodes.c */ = {isa = PBXFileReference; fileEncoding = 4; lastKnownFileType = sourcecode.c.c; name = lopcodes.c; path = Source/lua/lopcodes.c; sourceTree = "<group>"; };
		79B95EAA18512D1E005486F3 /* lopcodes.h */ = {isa = PBXFileReference; fileEncoding = 4; lastKnownFileType = sourcecode.c.h; name = lopcodes.h; path = Source/lua/lopcodes.h; sourceTree = "<group>"; };
		79B95EAB18512D1E005486F3 /* loslib.c */ = {isa = PBXFileReference; fileEncoding = 4; lastKnownFileType = sourcecode.c.c; name = loslib.c; path = Source/lua/loslib.c; sourceTree = "<group>"; };
		79B95EAC18512D1E005486F3 /* lparser.c */ = {isa = PBXFileReference; fileEncoding = 4; lastKnownFileType = sourcecode.c.c; name = lparser.c; path = Source/lua/lparser.c; sourceTree = "<group>"; };
		79B95EAD18512D1E005486F3 /* lparser.h */ = {isa = PBXFileReference; fileEncoding = 4; lastKnownFileType = sourcecode.c.h; name = lparser.h; path = Source/lua/lparser.h; sourceTree = "<group>"; };
		79B95EAE18512D1E005486F3 /* lstate.c */ = {isa = PBXFileReference; fileEncoding = 4; lastKnownFileType = sourcecode.c.c; name = lstate.c; path = Source/lua/lstate.c; sourceTree = "<group>"; };
		79B95EAF18512D1E005486F3 /* lstate.h */ = {isa = PBXFileReference; fileEncoding = 4; lastKnownFileType = sourcecode.c.h; name = lstate.h; path = Source/lua/lstate.h; sourceTree = "<group>"; };
		79B95EB018512D1E005486F3 /* lstring.c */ = {isa = PBXFileReference; fileEncoding = 4; lastKnownFileType = sourcecode.c.c; name = lstring.c; path = Source/lua/lstring.c; sourceTree = "<group>"; };
		79B95EB118512D1E005486F3 /* lstring.h */ = {isa = PBXFileReference; fileEncoding = 4; lastKnownFileType = sourcecode.c.h; name = lstring.h; path = Source/lua/lstring.h; sourceTree = "<group>"; };
		79B95EB218512D1E005486F3 /* lstrlib.c */ = {isa = PBXFileReference; fileEncoding = 4; lastKnownFileType = sourcecode.c.c; name = lstrlib.c; path = Source/lua/lstrlib.c; sourceTree = "<group>"; };
		79B95EB318512D1E005486F3 /* ltable.c */ = {isa = PBXFileReference; fileEncoding = 4; lastKnownFileType = sourcecode.c.c; name = ltable.c; path = Source/lua/ltable.c; sourceTree = "<group>"; };
		79B95EB418512D1E005486F3 /* ltable.h */ = {isa = PBXFileReference; fileEncoding = 4; lastKnownFileType = sourcecode.c.h; name = ltable.h; path = Source/lua/ltable.h; sourceTree = "<group>"; };
		79B95EB518512D1E005486F3 /* ltablib.c */ = {isa = PBXFileReference; fileEncoding = 4; lastKnownFileType = sourcecode.c.c; name = ltablib.c; path = Source/lua/ltablib.c; sourceTree = "<group>"; };
		79B95EB618512D1E005486F3 /* ltm.c */ = {isa = PBXFileReference; fileEncoding = 4; lastKnownFileType = sourcecode.c.c; name = ltm.c; path = Source/lua/ltm.c; sourceTree = "<group>"; };
		79B95EB718512D1E005486F3 /* ltm.h */ = {isa = PBXFileReference; fileEncoding = 4; lastKnownFileType = sourcecode.c.h; name = ltm.h; path = Source/lua/ltm.h; sourceTree = "<group>"; };
		79B95EB818512D1E005486F3 /* lua.c */ = {isa = PBXFileReference; fileEncoding = 4; lastKnownFileType = sourcecode.c.c; name = lua.c; path = Source/lua/lua.c; sourceTree = "<group>"; };
		79B95EB918512D1E005486F3 /* lua.h */ = {isa = PBXFileReference; fileEncoding = 4; lastKnownFileType = sourcecode.c.h; name = lua.h; path = Source/lua/lua.h; sourceTree = "<group>"; };
		79B95EBA18512D1E005486F3 /* lua.hpp */ = {isa = PBXFileReference; fileEncoding = 4; lastKnownFileType = sourcecode.cpp.h; name = lua.hpp; path = Source/lua/lua.hpp; sourceTree = "<group>"; };
		79B95EBB18512D1E005486F3 /* luac.c */ = {isa = PBXFileReference; fileEncoding = 4; lastKnownFileType = sourcecode.c.c; name = luac.c; path = Source/lua/luac.c; sourceTree = "<group>"; };
		79B95EBC18512D1E005486F3 /* luaconf.h */ = {isa = PBXFileReference; fileEncoding = 4; lastKnownFileType = sourcecode.c.h; name = luaconf.h; path = Source/lua/luaconf.h; sourceTree = "<group>"; };
		79B95EBD18512D1E005486F3 /* lualib.h */ = {isa = PBXFileReference; fileEncoding = 4; lastKnownFileType = sourcecode.c.h; name = lualib.h; path = Source/lua/lualib.h; sourceTree = "<group>"; };
		79B95EBE18512D1E005486F3 /* lundump.c */ = {isa = PBXFileReference; fileEncoding = 4; lastKnownFileType = sourcecode.c.c; name = lundump.c; path = Source/lua/lundump.c; sourceTree = "<group>"; };
		79B95EBF18512D1E005486F3 /* lundump.h */ = {isa = PBXFileReference; fileEncoding = 4; lastKnownFileType = sourcecode.c.h; name = lundump.h; path = Source/lua/lundump.h; sourceTree = "<group>"; };
		79B95EC018512D1E005486F3 /* lvm.c */ = {isa = PBXFileReference; fileEncoding = 4; lastKnownFileType = sourcecode.c.c; name = lvm.c; path = Source/lua/lvm.c; sourceTree = "<group>"; };
		79B95EC118512D1E005486F3 /* lvm.h */ = {isa = PBXFileReference; fileEncoding = 4; lastKnownFileType = sourcecode.c.h; name = lvm.h; path = Source/lua/lvm.h; sourceTree = "<group>"; };
		79B95EC218512D1E005486F3 /* lzio.c */ = {isa = PBXFileReference; fileEncoding = 4; lastKnownFileType = sourcecode.c.c; name = lzio.c; path = Source/lua/lzio.c; sourceTree = "<group>"; };
		79B95EC318512D1E005486F3 /* lzio.h */ = {isa = PBXFileReference; fileEncoding = 4; lastKnownFileType = sourcecode.c.h; name = lzio.h; path = Source/lua/lzio.h; sourceTree = "<group>"; };
		79C7A08A183BFFC500AB0A7C /* LXProjectFileView.h */ = {isa = PBXFileReference; fileEncoding = 4; lastKnownFileType = sourcecode.c.h; name = LXProjectFileView.h; path = Source/IDE/LXProjectFileView.h; sourceTree = SOURCE_ROOT; };
		79C7A08B183BFFC500AB0A7C /* LXProjectFileView.m */ = {isa = PBXFileReference; fileEncoding = 4; lastKnownFileType = sourcecode.c.objc; name = LXProjectFileView.m; path = Source/IDE/LXProjectFileView.m; sourceTree = SOURCE_ROOT; };
/* End PBXFileReference section */

/* Begin PBXFrameworksBuildPhase section */
		654D751B1837FC8D00E37009 /* Frameworks */ = {
			isa = PBXFrameworksBuildPhase;
			buildActionMask = 2147483647;
			files = (
				654D75201837FC8D00E37009 /* Foundation.framework in Frameworks */,
			);
			runOnlyForDeploymentPostprocessing = 0;
		};
		65A8157416629CCC0050D80A /* Frameworks */ = {
			isa = PBXFrameworksBuildPhase;
			buildActionMask = 2147483647;
			files = (
				79B95F0118512D36005486F3 /* libLua.a in Frameworks */,
				65F35F6516BEE70C007692D2 /* QuartzCore.framework in Frameworks */,
				65A8157C16629CCC0050D80A /* Cocoa.framework in Frameworks */,
			);
			runOnlyForDeploymentPostprocessing = 0;
		};
		79B95E8118512CEF005486F3 /* Frameworks */ = {
			isa = PBXFrameworksBuildPhase;
			buildActionMask = 2147483647;
			files = (
			);
			runOnlyForDeploymentPostprocessing = 0;
		};
/* End PBXFrameworksBuildPhase section */

/* Begin PBXGroup section */
		654D751218371F4500E37009 /* Compiler */ = {
			isa = PBXGroup;
			children = (
				654D74FA18371E6B00E37009 /* LXToken.h */,
				654D74FB18371E6B00E37009 /* LXToken.m */,
				654D74EE18371E6B00E37009 /* LXClass.h */,
				654D74EF18371E6B00E37009 /* LXClass.m */,
				654D74FC18371E6B00E37009 /* LXVariable.h */,
				654D74FD18371E6B00E37009 /* LXVariable.m */,
				654D74F418371E6B00E37009 /* LXNode.h */,
				654D74F518371E6B00E37009 /* LXNode.m */,
				654D75341838018700E37009 /* LXParser.h */,
				654D75351838018700E37009 /* LXParser.m */,
				654D74F018371E6B00E37009 /* LXCompiler.h */,
				654D74F118371E6B00E37009 /* LXCompiler.m */,
				659E09B7189F307C003100C4 /* LXCompiler+Token.h */,
				659E09B8189F307C003100C4 /* LXCompiler+Token.m */,
				659E09B3189F2D43003100C4 /* LXCompiler+Expression.h */,
				659E09B4189F2D43003100C4 /* LXCompiler+Expression.m */,
				654D75311837FD4600E37009 /* luaxc.m */,
			);
			name = Compiler;
			sourceTree = "<group>";
		};
		656AD271183ADBC700E691D6 /* IDE */ = {
			isa = PBXGroup;
			children = (
				656AD29218426CE400E691D6 /* Networking */,
				651E8D271864A57700E4476B /* LXLuaVariable.h */,
				651E8D281864A57700E4476B /* LXLuaVariable.m */,
				651E8D241864A55700E4476B /* LXLuaCallStackIndex.h */,
				651E8D251864A55700E4476B /* LXLuaCallStackIndex.m */,
				656AD2A618429D9500E691D6 /* LXProject.h */,
				656AD2A718429D9500E691D6 /* LXProject.m */,
				656AD279183ADD0200E691D6 /* MainMenu.xib */,
				656AD272183ADBEA00E691D6 /* LXAppDelegate.h */,
				656AD273183ADBEA00E691D6 /* LXAppDelegate.m */,
				656AD283183ADF0D00E691D6 /* LXTextView.h */,
				656AD284183ADF0D00E691D6 /* LXTextView.m */,
				79C7A08A183BFFC500AB0A7C /* LXProjectFileView.h */,
				79C7A08B183BFFC500AB0A7C /* LXProjectFileView.m */,
				656AD2A91842B42700E691D6 /* LXDocumentController.h */,
				656AD2AA1842B42700E691D6 /* LXDocumentController.m */,
				659DE1B71844C65700627535 /* LXTextFieldCell.h */,
				659DE1B81844C65700627535 /* LXTextFieldCell.m */,
				651E8D2A1864B60300E4476B /* LXLuaVariableCell.h */,
				651E8D2B1864B60300E4476B /* LXLuaVariableCell.m */,
				65E68B4A186DC8B100E72E3C /* LXConsoleTextView.h */,
				65E68B4B186DC8B200E72E3C /* LXConsoleTextView.m */,
				656AD29F1842741200E691D6 /* LXProjectWindowController.h */,
				656AD2A01842741200E691D6 /* LXProjectWindowController.m */,
				656AD2A11842741200E691D6 /* LXProjectWindowController.xib */,
				656AD2AC1842C26C00E691D6 /* LXProjectAccessoryView.xib */,
				79B95E7B18512214005486F3 /* NSView+BackgroundColor.h */,
				79B95E7C18512214005486F3 /* NSView+BackgroundColor.m */,
			);
			name = IDE;
			sourceTree = "<group>";
		};
		656AD275183ADC0300E691D6 /* Utility */ = {
			isa = PBXGroup;
			children = (
				656AD29C18426F9B00E691D6 /* NSString+JSON.h */,
				656AD29D18426F9B00E691D6 /* NSString+JSON.m */,
				656AD28E183FF9A400E691D6 /* NSNumber+Base64VLQ.h */,
				656AD28F183FF9A400E691D6 /* NSNumber+Base64VLQ.m */,
			);
			name = Utility;
			sourceTree = "<group>";
		};
		656AD29218426CE400E691D6 /* Networking */ = {
			isa = PBXGroup;
			children = (
				656AD29318426CFB00E691D6 /* LXClient.h */,
				656AD29418426CFC00E691D6 /* LXClient.m */,
				656AD29518426CFC00E691D6 /* LXPacket.h */,
				656AD29618426CFC00E691D6 /* LXPacket.m */,
				656AD29718426CFC00E691D6 /* LXServer.h */,
				656AD29818426CFC00E691D6 /* LXServer.m */,
			);
			name = Networking;
			sourceTree = "<group>";
		};
		65A8156C16629CCC0050D80A = {
			isa = PBXGroup;
			children = (
				79B95E8818512D0B005486F3 /* lua */,
				65A8158116629CCC0050D80A /* Source */,
				65A8158216629CCC0050D80A /* Supporting Files */,
				65B55889168F8D4500BEA415 /* Resources */,
				65A8157A16629CCC0050D80A /* Frameworks */,
				65A8157816629CCC0050D80A /* Products */,
			);
			sourceTree = "<group>";
		};
		65A8157816629CCC0050D80A /* Products */ = {
			isa = PBXGroup;
			children = (
				65A8157716629CCC0050D80A /* Luax.app */,
				654D751E1837FC8D00E37009 /* Luaxc */,
				79B95E8418512CEF005486F3 /* libLua.a */,
			);
			name = Products;
			sourceTree = "<group>";
		};
		65A8157A16629CCC0050D80A /* Frameworks */ = {
			isa = PBXGroup;
			children = (
				65F35F6416BEE70C007692D2 /* QuartzCore.framework */,
				65A8157B16629CCC0050D80A /* Cocoa.framework */,
				654D751F1837FC8D00E37009 /* Foundation.framework */,
				65A8157D16629CCC0050D80A /* Other Frameworks */,
			);
			name = Frameworks;
			sourceTree = "<group>";
		};
		65A8157D16629CCC0050D80A /* Other Frameworks */ = {
			isa = PBXGroup;
			children = (
				65A8157E16629CCC0050D80A /* AppKit.framework */,
				65A8157F16629CCC0050D80A /* CoreData.framework */,
				65A8158016629CCC0050D80A /* Foundation.framework */,
			);
			name = "Other Frameworks";
			sourceTree = "<group>";
		};
		65A8158116629CCC0050D80A /* Source */ = {
			isa = PBXGroup;
			children = (
				656AD275183ADC0300E691D6 /* Utility */,
				656AD271183ADBC700E691D6 /* IDE */,
				654D751218371F4500E37009 /* Compiler */,
				654D74E918371E6B00E37009 /* main.m */,
			);
			name = Source;
			path = Console;
			sourceTree = "<group>";
		};
		65A8158216629CCC0050D80A /* Supporting Files */ = {
			isa = PBXGroup;
			children = (
				654D74D318371DEC00E37009 /* Luax-Info.plist */,
				654D74D418371DEC00E37009 /* Luax-Prefix.pch */,
				654D74D618371DF800E37009 /* InfoPlist.strings */,
			);
			name = "Supporting Files";
			path = Console;
			sourceTree = "<group>";
		};
		65B55889168F8D4500BEA415 /* Resources */ = {
			isa = PBXGroup;
			children = (
				6570AE101867B2050084BD25 /* hide.png */,
				6567B76818904D5E0053E2C2 /* show.png */,
				652E835418568B1900342128 /* AutoCompleteDefinitions.json */,
				654D75131837248100E37009 /* Main.lux */,
				659DE1BC184BF06F00627535 /* foldericon.png */,
				659DE1BA184BE2ED00627535 /* scripticon.png */,
				79B95E5C184E5B93005486F3 /* checkicon.png */,
				79B95E5D184E5B93005486F3 /* erroricon.png */,
				79B95E5E184E5B93005486F3 /* warningicon.png */,
				651E8D0F185BE5A900E4476B /* resume_co.png */,
				651E8D10185BE5A900E4476B /* stepinto_co.png */,
				651E8D11185BE5A900E4476B /* stepover_co.png */,
				651E8D12185BE5A900E4476B /* stepreturn_co.png */,
				651E8D13185BE5A900E4476B /* suspend_co.png */,
				652C75D11876531000943AF7 /* locals_button_background.png */,
				651E8D19185BEEE600E4476B /* Untitled-1.png */,
				651E8D1B185BF27E00E4476B /* Untitled-2.png */,
				651E8D1D185BF6EB00E4476B /* Untitled-3.png */,
				651E8D1E185BF6EB00E4476B /* Untitled-4.png */,
			);
			path = Resources;
			sourceTree = "<group>";
		};
		79B95E8818512D0B005486F3 /* lua */ = {
			isa = PBXGroup;
			children = (
				79B95E8918512D1E005486F3 /* lapi.c */,
				79B95E8A18512D1E005486F3 /* lapi.h */,
				79B95E8B18512D1E005486F3 /* lauxlib.c */,
				79B95E8C18512D1E005486F3 /* lauxlib.h */,
				79B95E8D18512D1E005486F3 /* lbaselib.c */,
				79B95E8E18512D1E005486F3 /* lbitlib.c */,
				79B95E8F18512D1E005486F3 /* lcode.c */,
				79B95E9018512D1E005486F3 /* lcode.h */,
				79B95E9118512D1E005486F3 /* lcorolib.c */,
				79B95E9218512D1E005486F3 /* lctype.c */,
				79B95E9318512D1E005486F3 /* lctype.h */,
				79B95E9418512D1E005486F3 /* ldblib.c */,
				79B95E9518512D1E005486F3 /* ldebug.c */,
				79B95E9618512D1E005486F3 /* ldebug.h */,
				79B95E9718512D1E005486F3 /* ldo.c */,
				79B95E9818512D1E005486F3 /* ldo.h */,
				79B95E9918512D1E005486F3 /* ldump.c */,
				79B95E9A18512D1E005486F3 /* lfunc.c */,
				79B95E9B18512D1E005486F3 /* lfunc.h */,
				79B95E9C18512D1E005486F3 /* lgc.c */,
				79B95E9D18512D1E005486F3 /* lgc.h */,
				79B95E9E18512D1E005486F3 /* linit.c */,
				79B95E9F18512D1E005486F3 /* liolib.c */,
				79B95EA018512D1E005486F3 /* llex.c */,
				79B95EA118512D1E005486F3 /* llex.h */,
				79B95EA218512D1E005486F3 /* llimits.h */,
				79B95EA318512D1E005486F3 /* lmathlib.c */,
				79B95EA418512D1E005486F3 /* lmem.c */,
				79B95EA518512D1E005486F3 /* lmem.h */,
				79B95EA618512D1E005486F3 /* loadlib.c */,
				79B95EA718512D1E005486F3 /* lobject.c */,
				79B95EA818512D1E005486F3 /* lobject.h */,
				79B95EA918512D1E005486F3 /* lopcodes.c */,
				79B95EAA18512D1E005486F3 /* lopcodes.h */,
				79B95EAB18512D1E005486F3 /* loslib.c */,
				79B95EAC18512D1E005486F3 /* lparser.c */,
				79B95EAD18512D1E005486F3 /* lparser.h */,
				79B95EAE18512D1E005486F3 /* lstate.c */,
				79B95EAF18512D1E005486F3 /* lstate.h */,
				79B95EB018512D1E005486F3 /* lstring.c */,
				79B95EB118512D1E005486F3 /* lstring.h */,
				79B95EB218512D1E005486F3 /* lstrlib.c */,
				79B95EB318512D1E005486F3 /* ltable.c */,
				79B95EB418512D1E005486F3 /* ltable.h */,
				79B95EB518512D1E005486F3 /* ltablib.c */,
				79B95EB618512D1E005486F3 /* ltm.c */,
				79B95EB718512D1E005486F3 /* ltm.h */,
				79B95EB818512D1E005486F3 /* lua.c */,
				79B95EB918512D1E005486F3 /* lua.h */,
				79B95EBA18512D1E005486F3 /* lua.hpp */,
				79B95EBB18512D1E005486F3 /* luac.c */,
				79B95EBC18512D1E005486F3 /* luaconf.h */,
				79B95EBD18512D1E005486F3 /* lualib.h */,
				79B95EBE18512D1E005486F3 /* lundump.c */,
				79B95EBF18512D1E005486F3 /* lundump.h */,
				79B95EC018512D1E005486F3 /* lvm.c */,
				79B95EC118512D1E005486F3 /* lvm.h */,
				79B95EC218512D1E005486F3 /* lzio.c */,
				79B95EC318512D1E005486F3 /* lzio.h */,
			);
			name = lua;
			sourceTree = "<group>";
		};
/* End PBXGroup section */

/* Begin PBXHeadersBuildPhase section */
		79B95E8218512CEF005486F3 /* Headers */ = {
			isa = PBXHeadersBuildPhase;
			buildActionMask = 2147483647;
			files = (
				79B95EF218512D1E005486F3 /* ltm.h in Headers */,
				79B95ED318512D1E005486F3 /* ldo.h in Headers */,
				79B95EDD18512D1E005486F3 /* llimits.h in Headers */,
				79B95EEC18512D1E005486F3 /* lstring.h in Headers */,
				79B95EE518512D1E005486F3 /* lopcodes.h in Headers */,
				79B95ED818512D1E005486F3 /* lgc.h in Headers */,
				79B95ECB18512D1E005486F3 /* lcode.h in Headers */,
				79B95EF518512D1E005486F3 /* lua.hpp in Headers */,
				79B95ED118512D1E005486F3 /* ldebug.h in Headers */,
				79B95EDC18512D1E005486F3 /* llex.h in Headers */,
				79B95ED618512D1E005486F3 /* lfunc.h in Headers */,
				79B95EF818512D1E005486F3 /* lualib.h in Headers */,
				79B95EC718512D1E005486F3 /* lauxlib.h in Headers */,
				79B95EEA18512D1E005486F3 /* lstate.h in Headers */,
				79B95EF718512D1E005486F3 /* luaconf.h in Headers */,
				79B95EC518512D1E005486F3 /* lapi.h in Headers */,
				79B95EEF18512D1E005486F3 /* ltable.h in Headers */,
				79B95EE018512D1E005486F3 /* lmem.h in Headers */,
				79B95EFC18512D1E005486F3 /* lvm.h in Headers */,
				79B95EFA18512D1E005486F3 /* lundump.h in Headers */,
				79B95EFE18512D1E005486F3 /* lzio.h in Headers */,
				79B95EE318512D1E005486F3 /* lobject.h in Headers */,
				79B95EE818512D1E005486F3 /* lparser.h in Headers */,
				79B95ECE18512D1E005486F3 /* lctype.h in Headers */,
				79B95EF418512D1E005486F3 /* lua.h in Headers */,
			);
			runOnlyForDeploymentPostprocessing = 0;
		};
/* End PBXHeadersBuildPhase section */

/* Begin PBXNativeTarget section */
		654D751D1837FC8D00E37009 /* Luaxc */ = {
			isa = PBXNativeTarget;
			buildConfigurationList = 654D75281837FC8E00E37009 /* Build configuration list for PBXNativeTarget "Luaxc" */;
			buildPhases = (
				654D751A1837FC8D00E37009 /* Sources */,
				654D751B1837FC8D00E37009 /* Frameworks */,
				654D751C1837FC8D00E37009 /* CopyFiles */,
			);
			buildRules = (
			);
			dependencies = (
			);
			name = Luaxc;
			productName = Luaxc;
			productReference = 654D751E1837FC8D00E37009 /* Luaxc */;
			productType = "com.apple.product-type.tool";
		};
		65A8157616629CCC0050D80A /* Luax */ = {
			isa = PBXNativeTarget;
			buildConfigurationList = 65A8159516629CCD0050D80A /* Build configuration list for PBXNativeTarget "Luax" */;
			buildPhases = (
				65A8157316629CCC0050D80A /* Sources */,
				65A8157416629CCC0050D80A /* Frameworks */,
				65A8157516629CCC0050D80A /* Resources */,
				65274AA516BF1BA7005A26E1 /* CopyFiles */,
			);
			buildRules = (
			);
			dependencies = (
				79B95F0018512D2C005486F3 /* PBXTargetDependency */,
			);
			name = Luax;
			productName = Console;
			productReference = 65A8157716629CCC0050D80A /* Luax.app */;
			productType = "com.apple.product-type.application";
		};
		79B95E8318512CEF005486F3 /* Lua */ = {
			isa = PBXNativeTarget;
			buildConfigurationList = 79B95E8518512CEF005486F3 /* Build configuration list for PBXNativeTarget "Lua" */;
			buildPhases = (
				79B95E8018512CEF005486F3 /* Sources */,
				79B95E8118512CEF005486F3 /* Frameworks */,
				79B95E8218512CEF005486F3 /* Headers */,
			);
			buildRules = (
			);
			dependencies = (
			);
			name = Lua;
			productName = Lua;
			productReference = 79B95E8418512CEF005486F3 /* libLua.a */;
			productType = "com.apple.product-type.library.static";
		};
/* End PBXNativeTarget section */

/* Begin PBXProject section */
		65A8156E16629CCC0050D80A /* Project object */ = {
			isa = PBXProject;
			attributes = {
				CLASSPREFIX = LX;
				LastUpgradeCheck = 0450;
				ORGANIZATIONNAME = "Noah Hilt";
			};
			buildConfigurationList = 65A8157116629CCC0050D80A /* Build configuration list for PBXProject "Luax" */;
			compatibilityVersion = "Xcode 3.2";
			developmentRegion = English;
			hasScannedForEncodings = 0;
			knownRegions = (
				en,
			);
			mainGroup = 65A8156C16629CCC0050D80A;
			productRefGroup = 65A8157816629CCC0050D80A /* Products */;
			projectDirPath = "";
			projectRoot = "";
			targets = (
				65A8157616629CCC0050D80A /* Luax */,
				654D751D1837FC8D00E37009 /* Luaxc */,
				79B95E8318512CEF005486F3 /* Lua */,
			);
		};
/* End PBXProject section */

/* Begin PBXResourcesBuildPhase section */
		65A8157516629CCC0050D80A /* Resources */ = {
			isa = PBXResourcesBuildPhase;
			buildActionMask = 2147483647;
			files = (
				654D74D818371DF800E37009 /* InfoPlist.strings in Resources */,
				659DE1BB184BE2ED00627535 /* scripticon.png in Resources */,
				651E8D15185BE5A900E4476B /* stepinto_co.png in Resources */,
				654D75141837248100E37009 /* Main.lux in Resources */,
				651E8D1A185BEEE600E4476B /* Untitled-1.png in Resources */,
				651E8D1C185BF27E00E4476B /* Untitled-2.png in Resources */,
				651E8D18185BE5A900E4476B /* suspend_co.png in Resources */,
				659DE1BD184BF06F00627535 /* foldericon.png in Resources */,
				652E835518568B1900342128 /* AutoCompleteDefinitions.json in Resources */,
				79B95E60184E5B93005486F3 /* erroricon.png in Resources */,
				79B95E61184E5B93005486F3 /* warningicon.png in Resources */,
				651E8D20185BF6EB00E4476B /* Untitled-4.png in Resources */,
				6567B76918904D5E0053E2C2 /* show.png in Resources */,
				6570AE111867B2050084BD25 /* hide.png in Resources */,
				656AD2AD1842C26C00E691D6 /* LXProjectAccessoryView.xib in Resources */,
				651E8D1F185BF6EB00E4476B /* Untitled-3.png in Resources */,
				656AD27A183ADD0200E691D6 /* MainMenu.xib in Resources */,
				656AD2A31842741200E691D6 /* LXProjectWindowController.xib in Resources */,
				652C75D21876531000943AF7 /* locals_button_background.png in Resources */,
				651E8D17185BE5A900E4476B /* stepreturn_co.png in Resources */,
				651E8D14185BE5A900E4476B /* resume_co.png in Resources */,
				79B95E5F184E5B93005486F3 /* checkicon.png in Resources */,
				651E8D16185BE5A900E4476B /* stepover_co.png in Resources */,
			);
			runOnlyForDeploymentPostprocessing = 0;
		};
/* End PBXResourcesBuildPhase section */

/* Begin PBXSourcesBuildPhase section */
		654D751A1837FC8D00E37009 /* Sources */ = {
			isa = PBXSourcesBuildPhase;
			buildActionMask = 2147483647;
			files = (
				659E09B6189F2D43003100C4 /* LXCompiler+Expression.m in Sources */,
				654D752B1837FD0300E37009 /* LXToken.m in Sources */,
				654D752C1837FD0300E37009 /* LXClass.m in Sources */,
				654D752D1837FD0300E37009 /* LXVariable.m in Sources */,
				654D75371838018700E37009 /* LXParser.m in Sources */,
				656AD291183FF9A400E691D6 /* NSNumber+Base64VLQ.m in Sources */,
				654D75321837FD4600E37009 /* luaxc.m in Sources */,
				654D752E1837FD0300E37009 /* LXNode.m in Sources */,
				659E09BA189F307C003100C4 /* LXCompiler+Token.m in Sources */,
				654D752F1837FD0300E37009 /* LXCompiler.m in Sources */,
			);
			runOnlyForDeploymentPostprocessing = 0;
		};
		65A8157316629CCC0050D80A /* Sources */ = {
			isa = PBXSourcesBuildPhase;
			buildActionMask = 2147483647;
			files = (
				656AD285183ADF0D00E691D6 /* LXTextView.m in Sources */,
				654D750818371E6B00E37009 /* LXClass.m in Sources */,
				651E8D291864A57700E4476B /* LXLuaVariable.m in Sources */,
				654D750F18371E6B00E37009 /* LXVariable.m in Sources */,
				659E09B9189F307C003100C4 /* LXCompiler+Token.m in Sources */,
				659E09B5189F2D43003100C4 /* LXCompiler+Expression.m in Sources */,
				654D750E18371E6B00E37009 /* LXToken.m in Sources */,
				651E8D261864A55700E4476B /* LXLuaCallStackIndex.m in Sources */,
				65E68B4C186DC8B200E72E3C /* LXConsoleTextView.m in Sources */,
				656AD290183FF9A400E691D6 /* NSNumber+Base64VLQ.m in Sources */,
				656AD29A18426CFC00E691D6 /* LXPacket.m in Sources */,
				656AD2A21842741200E691D6 /* LXProjectWindowController.m in Sources */,
				656AD2AB1842B42700E691D6 /* LXDocumentController.m in Sources */,
				651E8D2C1864B60300E4476B /* LXLuaVariableCell.m in Sources */,
				654D75361838018700E37009 /* LXParser.m in Sources */,
				659DE1B91844C65700627535 /* LXTextFieldCell.m in Sources */,
				656AD29918426CFC00E691D6 /* LXClient.m in Sources */,
				79B95E7D18512214005486F3 /* NSView+BackgroundColor.m in Sources */,
				656AD29B18426CFC00E691D6 /* LXServer.m in Sources */,
				656AD274183ADBEA00E691D6 /* LXAppDelegate.m in Sources */,
				656AD2A818429D9500E691D6 /* LXProject.m in Sources */,
				656AD29E18426F9B00E691D6 /* NSString+JSON.m in Sources */,
				654D750B18371E6B00E37009 /* LXNode.m in Sources */,
				79C7A08C183BFFC500AB0A7C /* LXProjectFileView.m in Sources */,
				654D750918371E6B00E37009 /* LXCompiler.m in Sources */,
				654D750518371E6B00E37009 /* main.m in Sources */,
			);
			runOnlyForDeploymentPostprocessing = 0;
		};
		79B95E8018512CEF005486F3 /* Sources */ = {
			isa = PBXSourcesBuildPhase;
			buildActionMask = 2147483647;
			files = (
				79B95EFB18512D1E005486F3 /* lvm.c in Sources */,
				79B95EEE18512D1E005486F3 /* ltable.c in Sources */,
				79B95ED518512D1E005486F3 /* lfunc.c in Sources */,
				79B95ECD18512D1E005486F3 /* lctype.c in Sources */,
				79B95EC918512D1E005486F3 /* lbitlib.c in Sources */,
				79B95EF618512D1E005486F3 /* luac.c in Sources */,
				79B95ED718512D1E005486F3 /* lgc.c in Sources */,
				79B95EDE18512D1E005486F3 /* lmathlib.c in Sources */,
				79B95EE718512D1E005486F3 /* lparser.c in Sources */,
				79B95ECF18512D1E005486F3 /* ldblib.c in Sources */,
				79B95EF118512D1E005486F3 /* ltm.c in Sources */,
				79B95EE118512D1E005486F3 /* loadlib.c in Sources */,
				79B95EC418512D1E005486F3 /* lapi.c in Sources */,
				79B95EC618512D1E005486F3 /* lauxlib.c in Sources */,
				79B95ECC18512D1E005486F3 /* lcorolib.c in Sources */,
				79B95EE618512D1E005486F3 /* loslib.c in Sources */,
				79B95EC818512D1E005486F3 /* lbaselib.c in Sources */,
				79B95EDF18512D1E005486F3 /* lmem.c in Sources */,
				79B95EE918512D1E005486F3 /* lstate.c in Sources */,
				79B95EDA18512D1E005486F3 /* liolib.c in Sources */,
				79B95EED18512D1E005486F3 /* lstrlib.c in Sources */,
				79B95EE218512D1E005486F3 /* lobject.c in Sources */,
				79B95ED018512D1E005486F3 /* ldebug.c in Sources */,
				79B95EF018512D1E005486F3 /* ltablib.c in Sources */,
				79B95EEB18512D1E005486F3 /* lstring.c in Sources */,
				79B95ED918512D1E005486F3 /* linit.c in Sources */,
				79B95EF318512D1E005486F3 /* lua.c in Sources */,
				79B95EDB18512D1E005486F3 /* llex.c in Sources */,
				79B95ECA18512D1E005486F3 /* lcode.c in Sources */,
				79B95ED218512D1E005486F3 /* ldo.c in Sources */,
				79B95EE418512D1E005486F3 /* lopcodes.c in Sources */,
				79B95EFD18512D1E005486F3 /* lzio.c in Sources */,
				79B95ED418512D1E005486F3 /* ldump.c in Sources */,
				79B95EF918512D1E005486F3 /* lundump.c in Sources */,
			);
			runOnlyForDeploymentPostprocessing = 0;
		};
/* End PBXSourcesBuildPhase section */

/* Begin PBXTargetDependency section */
		79B95F0018512D2C005486F3 /* PBXTargetDependency */ = {
			isa = PBXTargetDependency;
			target = 79B95E8318512CEF005486F3 /* Lua */;
			targetProxy = 79B95EFF18512D2C005486F3 /* PBXContainerItemProxy */;
		};
/* End PBXTargetDependency section */

/* Begin PBXVariantGroup section */
		654D74D618371DF800E37009 /* InfoPlist.strings */ = {
			isa = PBXVariantGroup;
			children = (
				654D74D718371DF800E37009 /* en */,
			);
			name = InfoPlist.strings;
			sourceTree = "<group>";
		};
/* End PBXVariantGroup section */

/* Begin XCBuildConfiguration section */
		654D75291837FC8E00E37009 /* Debug */ = {
			isa = XCBuildConfiguration;
			buildSettings = {
				CLANG_ENABLE_OBJC_ARC = YES;
				CLANG_WARN_BOOL_CONVERSION = YES;
				CLANG_WARN_CONSTANT_CONVERSION = YES;
				CLANG_WARN_DIRECT_OBJC_ISA_USAGE = YES_ERROR;
				CLANG_WARN_ENUM_CONVERSION = YES;
				CLANG_WARN_INT_CONVERSION = YES;
				CLANG_WARN_OBJC_ROOT_CLASS = YES_ERROR;
				GCC_PRECOMPILE_PREFIX_HEADER = YES;
				GCC_PREFIX_HEADER = "Source/Luax-Prefix.pch";
				GCC_PREPROCESSOR_DEFINITIONS = (
					"DEBUG=1",
					"$(inherited)",
				);
				GCC_WARN_ABOUT_RETURN_TYPE = YES_ERROR;
				GCC_WARN_UNDECLARED_SELECTOR = YES;
				GCC_WARN_UNUSED_FUNCTION = YES;
				MACOSX_DEPLOYMENT_TARGET = 10.9;
				PRODUCT_NAME = "$(TARGET_NAME)";
			};
			name = Debug;
		};
		654D752A1837FC8E00E37009 /* Release */ = {
			isa = XCBuildConfiguration;
			buildSettings = {
				CLANG_ENABLE_OBJC_ARC = YES;
				CLANG_WARN_BOOL_CONVERSION = YES;
				CLANG_WARN_CONSTANT_CONVERSION = YES;
				CLANG_WARN_DIRECT_OBJC_ISA_USAGE = YES_ERROR;
				CLANG_WARN_ENUM_CONVERSION = YES;
				CLANG_WARN_INT_CONVERSION = YES;
				CLANG_WARN_OBJC_ROOT_CLASS = YES_ERROR;
				ENABLE_NS_ASSERTIONS = NO;
				GCC_PRECOMPILE_PREFIX_HEADER = YES;
				GCC_PREFIX_HEADER = "Source/Luax-Prefix.pch";
				GCC_WARN_ABOUT_RETURN_TYPE = YES_ERROR;
				GCC_WARN_UNDECLARED_SELECTOR = YES;
				GCC_WARN_UNUSED_FUNCTION = YES;
				MACOSX_DEPLOYMENT_TARGET = 10.9;
				PRODUCT_NAME = "$(TARGET_NAME)";
			};
			name = Release;
		};
		65A8159316629CCD0050D80A /* Debug */ = {
			isa = XCBuildConfiguration;
			buildSettings = {
				ALWAYS_SEARCH_USER_PATHS = NO;
				ARCHS = "$(ARCHS_STANDARD_64_BIT)";
				CLANG_CXX_LANGUAGE_STANDARD = "gnu++0x";
				CLANG_CXX_LIBRARY = "libc++";
				CLANG_WARN_EMPTY_BODY = YES;
				CLANG_WARN__DUPLICATE_METHOD_MATCH = YES;
				COPY_PHASE_STRIP = NO;
				GCC_C_LANGUAGE_STANDARD = gnu99;
				GCC_DYNAMIC_NO_PIC = NO;
				GCC_ENABLE_OBJC_EXCEPTIONS = YES;
				GCC_OPTIMIZATION_LEVEL = 0;
				GCC_PREPROCESSOR_DEFINITIONS = (
					"DEBUG=1",
					"$(inherited)",
				);
				GCC_SYMBOLS_PRIVATE_EXTERN = NO;
				GCC_WARN_64_TO_32_BIT_CONVERSION = YES;
				GCC_WARN_ABOUT_RETURN_TYPE = YES;
				GCC_WARN_UNINITIALIZED_AUTOS = YES;
				GCC_WARN_UNUSED_VARIABLE = YES;
				MACOSX_DEPLOYMENT_TARGET = 10.7;
				ONLY_ACTIVE_ARCH = YES;
				SDKROOT = macosx;
			};
			name = Debug;
		};
		65A8159416629CCD0050D80A /* Release */ = {
			isa = XCBuildConfiguration;
			buildSettings = {
				ALWAYS_SEARCH_USER_PATHS = NO;
				ARCHS = "$(ARCHS_STANDARD_64_BIT)";
				CLANG_CXX_LANGUAGE_STANDARD = "gnu++0x";
				CLANG_CXX_LIBRARY = "libc++";
				CLANG_WARN_EMPTY_BODY = YES;
				CLANG_WARN__DUPLICATE_METHOD_MATCH = YES;
				COPY_PHASE_STRIP = YES;
				DEBUG_INFORMATION_FORMAT = "dwarf-with-dsym";
				GCC_C_LANGUAGE_STANDARD = gnu99;
				GCC_ENABLE_OBJC_EXCEPTIONS = YES;
				GCC_WARN_64_TO_32_BIT_CONVERSION = YES;
				GCC_WARN_ABOUT_RETURN_TYPE = YES;
				GCC_WARN_UNINITIALIZED_AUTOS = YES;
				GCC_WARN_UNUSED_VARIABLE = YES;
				MACOSX_DEPLOYMENT_TARGET = 10.7;
				SDKROOT = macosx;
			};
			name = Release;
		};
		65A8159616629CCD0050D80A /* Debug */ = {
			isa = XCBuildConfiguration;
			buildSettings = {
				CLANG_ENABLE_OBJC_ARC = YES;
				COMBINE_HIDPI_IMAGES = YES;
				GCC_PRECOMPILE_PREFIX_HEADER = YES;
				GCC_PREFIX_HEADER = "Source/Luax-Prefix.pch";
				HEADER_SEARCH_PATHS = (
					"$(inherited)",
					/Applications/Xcode.app/Contents/Developer/Toolchains/XcodeDefault.xctoolchain/usr/include,
					lua,
				);
				INFOPLIST_FILE = "$(SRCROOT)/Source/Luax-Info.plist";
				PRODUCT_NAME = Luax;
				WRAPPER_EXTENSION = app;
			};
			name = Debug;
		};
		65A8159716629CCD0050D80A /* Release */ = {
			isa = XCBuildConfiguration;
			buildSettings = {
				CLANG_ENABLE_OBJC_ARC = YES;
				COMBINE_HIDPI_IMAGES = YES;
				GCC_PRECOMPILE_PREFIX_HEADER = YES;
				GCC_PREFIX_HEADER = "Source/Luax-Prefix.pch";
				HEADER_SEARCH_PATHS = (
					"$(inherited)",
					/Applications/Xcode.app/Contents/Developer/Toolchains/XcodeDefault.xctoolchain/usr/include,
					lua,
				);
				INFOPLIST_FILE = "$(SRCROOT)/Source/Luax-Info.plist";
				PRODUCT_NAME = Luax;
				WRAPPER_EXTENSION = app;
			};
			name = Release;
		};
		79B95E8618512CEF005486F3 /* Debug */ = {
			isa = XCBuildConfiguration;
			buildSettings = {
				CLANG_ENABLE_OBJC_ARC = YES;
				CLANG_WARN_BOOL_CONVERSION = YES;
				CLANG_WARN_CONSTANT_CONVERSION = YES;
				CLANG_WARN_DIRECT_OBJC_ISA_USAGE = YES_ERROR;
				CLANG_WARN_ENUM_CONVERSION = YES;
				CLANG_WARN_INT_CONVERSION = YES;
				CLANG_WARN_OBJC_ROOT_CLASS = YES_ERROR;
				EXECUTABLE_PREFIX = lib;
				GCC_PREPROCESSOR_DEFINITIONS = (
					"DEBUG=1",
					"$(inherited)",
				);
				GCC_WARN_ABOUT_RETURN_TYPE = YES_ERROR;
				GCC_WARN_UNDECLARED_SELECTOR = YES;
				GCC_WARN_UNUSED_FUNCTION = YES;
				MACOSX_DEPLOYMENT_TARGET = 10.8;
				PRODUCT_NAME = "$(TARGET_NAME)";
			};
			name = Debug;
		};
		79B95E8718512CEF005486F3 /* Release */ = {
			isa = XCBuildConfiguration;
			buildSettings = {
				CLANG_ENABLE_OBJC_ARC = YES;
				CLANG_WARN_BOOL_CONVERSION = YES;
				CLANG_WARN_CONSTANT_CONVERSION = YES;
				CLANG_WARN_DIRECT_OBJC_ISA_USAGE = YES_ERROR;
				CLANG_WARN_ENUM_CONVERSION = YES;
				CLANG_WARN_INT_CONVERSION = YES;
				CLANG_WARN_OBJC_ROOT_CLASS = YES_ERROR;
				ENABLE_NS_ASSERTIONS = NO;
				EXECUTABLE_PREFIX = lib;
				GCC_WARN_ABOUT_RETURN_TYPE = YES_ERROR;
				GCC_WARN_UNDECLARED_SELECTOR = YES;
				GCC_WARN_UNUSED_FUNCTION = YES;
				MACOSX_DEPLOYMENT_TARGET = 10.8;
				PRODUCT_NAME = "$(TARGET_NAME)";
			};
			name = Release;
		};
/* End XCBuildConfiguration section */

/* Begin XCConfigurationList section */
		654D75281837FC8E00E37009 /* Build configuration list for PBXNativeTarget "Luaxc" */ = {
			isa = XCConfigurationList;
			buildConfigurations = (
				654D75291837FC8E00E37009 /* Debug */,
				654D752A1837FC8E00E37009 /* Release */,
			);
			defaultConfigurationIsVisible = 0;
			defaultConfigurationName = Release;
		};
		65A8157116629CCC0050D80A /* Build configuration list for PBXProject "Luax" */ = {
			isa = XCConfigurationList;
			buildConfigurations = (
				65A8159316629CCD0050D80A /* Debug */,
				65A8159416629CCD0050D80A /* Release */,
			);
			defaultConfigurationIsVisible = 0;
			defaultConfigurationName = Release;
		};
		65A8159516629CCD0050D80A /* Build configuration list for PBXNativeTarget "Luax" */ = {
			isa = XCConfigurationList;
			buildConfigurations = (
				65A8159616629CCD0050D80A /* Debug */,
				65A8159716629CCD0050D80A /* Release */,
			);
			defaultConfigurationIsVisible = 0;
			defaultConfigurationName = Release;
		};
		79B95E8518512CEF005486F3 /* Build configuration list for PBXNativeTarget "Lua" */ = {
			isa = XCConfigurationList;
			buildConfigurations = (
				79B95E8618512CEF005486F3 /* Debug */,
				79B95E8718512CEF005486F3 /* Release */,
			);
			defaultConfigurationIsVisible = 0;
			defaultConfigurationName = Release;
		};
/* End XCConfigurationList section */
	};
	rootObject = 65A8156E16629CCC0050D80A /* Project object */;
}
